
Microsoft Visual Studio Solution File, Format Version 12.00
# Visual Studio Version 17
VisualStudioVersion = 17.8.34330.188
MinimumVisualStudioVersion = 10.0.40219.1
Project("{FAE04EC0-301F-11D3-BF4B-00C04F79EFBC}") = "ScreenSound-04", "ScreenSound-04\ScreenSound-04.csproj", "{71E3147F-1D57-4E21-9FA8-4DA2580D9E11}"
EndProject
Global
	GlobalSection(SolutionConfigurationPlatforms) = preSolution
		Debug|Any CPU = Debug|Any CPU
		Release|Any CPU = Release|Any CPU
	EndGlobalSection
	GlobalSection(ProjectConfigurationPlatforms) = postSolution
		{71E3147F-1D57-4E21-9FA8-4DA2580D9E11}.Debug|Any CPU.ActiveCfg = Debug|Any CPU
		{71E3147F-1D57-4E21-9FA8-4DA2580D9E11}.Debug|Any CPU.Build.0 = Debug|Any CPU
		{71E3147F-1D57-4E21-9FA8-4DA2580D9E11}.Release|Any CPU.ActiveCfg = Release|Any CPU
		{71E3147F-1D57-4E21-9FA8-4DA2580D9E11}.Release|Any CPU.Build.0 = Release|Any CPU
	EndGlobalSection
	GlobalSection(SolutionProperties) = preSolution
		HideSolutionNode = FALSE
	EndGlobalSection
	GlobalSection(ExtensibilityGlobals) = postSolution
		SolutionGuid = {94983181-C23D-4577-A289-84C261297747}
	EndGlobalSection
EndGlobal
